
Microsoft Visual Studio Solution File, Format Version 11.00
# Visual Studio 2010
Project("{FAE04EC0-301F-11D3-BF4B-00C04F79EFBC}") = "Mono.Libraries", "Mono.Libraries\Mono.Libraries.csproj", "{E9A655D1-EE99-467A-8F4B-CAC80E0E65BE}"
EndProject
Global
	GlobalSection(SolutionConfigurationPlatforms) = preSolution
		Debug|Any CPU = Debug|Any CPU
		Release|Any CPU = Release|Any CPU
	EndGlobalSection
	GlobalSection(ProjectConfigurationPlatforms) = postSolution
		{E9A655D1-EE99-467A-8F4B-CAC80E0E65BE}.Debug|Any CPU.ActiveCfg = Debug|Any CPU
		{E9A655D1-EE99-467A-8F4B-CAC80E0E65BE}.Debug|Any CPU.Build.0 = Debug|Any CPU
		{E9A655D1-EE99-467A-8F4B-CAC80E0E65BE}.Release|Any CPU.ActiveCfg = Release|Any CPU
		{E9A655D1-EE99-467A-8F4B-CAC80E0E65BE}.Release|Any CPU.Build.0 = Release|Any CPU
	EndGlobalSection
	GlobalSection(MonoDevelopProperties) = preSolution
		StartupItem = Mono.Libraries.csproj
	EndGlobalSection
EndGlobal
